
Microsoft Visual Studio Solution File, Format Version 12.00
# Visual Studio 15
VisualStudioVersion = 15.0.27004.2006
MinimumVisualStudioVersion = 10.0.40219.1
Project("{FAE04EC0-301F-11D3-BF4B-00C04F79EFBC}") = "ThermalApparelApp.Android", "ThermalApparelApp\ThermalApparelApp.Android\ThermalApparelApp.Android.csproj", "{DFD9C8C0-0B3B-457E-BB20-D0E28D59BCB5}"
EndProject
Project("{FAE04EC0-301F-11D3-BF4B-00C04F79EFBC}") = "ThermalApparelApp", "ThermalApparelApp\ThermalApparelApp\ThermalApparelApp.csproj", "{A7D00E9C-40EF-4735-BEE6-A46821961B3D}"
EndProject
Project("{FAE04EC0-301F-11D3-BF4B-00C04F79EFBC}") = "ThermalApparelApp.UWP", "ThermalApparelApp\ThermalApparelApp.UWP\ThermalApparelApp.UWP.csproj", "{60C0A3A5-052D-4AA4-8F4C-853D8CA397D6}"
EndProject
Project("{FAE04EC0-301F-11D3-BF4B-00C04F79EFBC}") = "ThermalApparelApp.iOS", "ThermalApparelApp\ThermalApparelApp.iOS\ThermalApparelApp.iOS.csproj", "{19820D3E-B379-4815-B317-5CD3BFEE0D22}"
EndProject
Global
	GlobalSection(SolutionConfigurationPlatforms) = preSolution
		Ad-Hoc|Any CPU = Ad-Hoc|Any CPU
		Ad-Hoc|ARM = Ad-Hoc|ARM
		Ad-Hoc|iPhone = Ad-Hoc|iPhone
		Ad-Hoc|iPhoneSimulator = Ad-Hoc|iPhoneSimulator
		Ad-Hoc|x64 = Ad-Hoc|x64
		Ad-Hoc|x86 = Ad-Hoc|x86
		AppStore|Any CPU = AppStore|Any CPU
		AppStore|ARM = AppStore|ARM
		AppStore|iPhone = AppStore|iPhone
		AppStore|iPhoneSimulator = AppStore|iPhoneSimulator
		AppStore|x64 = AppStore|x64
		AppStore|x86 = AppStore|x86
		Debug|Any CPU = Debug|Any CPU
		Debug|ARM = Debug|ARM
		Debug|iPhone = Debug|iPhone
		Debug|iPhoneSimulator = Debug|iPhoneSimulator
		Debug|x64 = Debug|x64
		Debug|x86 = Debug|x86
		Release|Any CPU = Release|Any CPU
		Release|ARM = Release|ARM
		Release|iPhone = Release|iPhone
		Release|iPhoneSimulator = Release|iPhoneSimulator
		Release|x64 = Release|x64
		Release|x86 = Release|x86
	EndGlobalSection
	GlobalSection(ProjectConfigurationPlatforms) = postSolution
		{DFD9C8C0-0B3B-457E-BB20-D0E28D59BCB5}.Ad-Hoc|Any CPU.ActiveCfg = Release|Any CPU
		{DFD9C8C0-0B3B-457E-BB20-D0E28D59BCB5}.Ad-Hoc|Any CPU.Build.0 = Release|Any CPU
		{DFD9C8C0-0B3B-457E-BB20-D0E28D59BCB5}.Ad-Hoc|Any CPU.Deploy.0 = Release|Any CPU
		{DFD9C8C0-0B3B-457E-BB20-D0E28D59BCB5}.Ad-Hoc|ARM.ActiveCfg = Release|Any CPU
		{DFD9C8C0-0B3B-457E-BB20-D0E28D59BCB5}.Ad-Hoc|ARM.Build.0 = Release|Any CPU
		{DFD9C8C0-0B3B-457E-BB20-D0E28D59BCB5}.Ad-Hoc|ARM.Deploy.0 = Release|Any CPU
		{DFD9C8C0-0B3B-457E-BB20-D0E28D59BCB5}.Ad-Hoc|iPhone.ActiveCfg = Release|Any CPU
		{DFD9C8C0-0B3B-457E-BB20-D0E28D59BCB5}.Ad-Hoc|iPhone.Build.0 = Release|Any CPU
		{DFD9C8C0-0B3B-457E-BB20-D0E28D59BCB5}.Ad-Hoc|iPhone.Deploy.0 = Release|Any CPU
		{DFD9C8C0-0B3B-457E-BB20-D0E28D59BCB5}.Ad-Hoc|iPhoneSimulator.ActiveCfg = Release|Any CPU
		{DFD9C8C0-0B3B-457E-BB20-D0E28D59BCB5}.Ad-Hoc|iPhoneSimulator.Build.0 = Release|Any CPU
		{DFD9C8C0-0B3B-457E-BB20-D0E28D59BCB5}.Ad-Hoc|iPhoneSimulator.Deploy.0 = Release|Any CPU
		{DFD9C8C0-0B3B-457E-BB20-D0E28D59BCB5}.Ad-Hoc|x64.ActiveCfg = Release|Any CPU
		{DFD9C8C0-0B3B-457E-BB20-D0E28D59BCB5}.Ad-Hoc|x64.Build.0 = Release|Any CPU
		{DFD9C8C0-0B3B-457E-BB20-D0E28D59BCB5}.Ad-Hoc|x64.Deploy.0 = Release|Any CPU
		{DFD9C8C0-0B3B-457E-BB20-D0E28D59BCB5}.Ad-Hoc|x86.ActiveCfg = Release|Any CPU
		{DFD9C8C0-0B3B-457E-BB20-D0E28D59BCB5}.Ad-Hoc|x86.Build.0 = Release|Any CPU
		{DFD9C8C0-0B3B-457E-BB20-D0E28D59BCB5}.Ad-Hoc|x86.Deploy.0 = Release|Any CPU
		{DFD9C8C0-0B3B-457E-BB20-D0E28D59BCB5}.AppStore|Any CPU.ActiveCfg = Release|Any CPU
		{DFD9C8C0-0B3B-457E-BB20-D0E28D59BCB5}.AppStore|Any CPU.Build.0 = Release|Any CPU
		{DFD9C8C0-0B3B-457E-BB20-D0E28D59BCB5}.AppStore|Any CPU.Deploy.0 = Release|Any CPU
		{DFD9C8C0-0B3B-457E-BB20-D0E28D59BCB5}.AppStore|ARM.ActiveCfg = Release|Any CPU
		{DFD9C8C0-0B3B-457E-BB20-D0E28D59BCB5}.AppStore|ARM.Build.0 = Release|Any CPU
		{DFD9C8C0-0B3B-457E-BB20-D0E28D59BCB5}.AppStore|ARM.Deploy.0 = Release|Any CPU
		{DFD9C8C0-0B3B-457E-BB20-D0E28D59BCB5}.AppStore|iPhone.ActiveCfg = Release|Any CPU
		{DFD9C8C0-0B3B-457E-BB20-D0E28D59BCB5}.AppStore|iPhone.Build.0 = Release|Any CPU
		{DFD9C8C0-0B3B-457E-BB20-D0E28D59BCB5}.AppStore|iPhone.Deploy.0 = Release|Any CPU
		{DFD9C8C0-0B3B-457E-BB20-D0E28D59BCB5}.AppStore|iPhoneSimulator.ActiveCfg = Release|Any CPU
		{DFD9C8C0-0B3B-457E-BB20-D0E28D59BCB5}.AppStore|iPhoneSimulator.Build.0 = Release|Any CPU
		{DFD9C8C0-0B3B-457E-BB20-D0E28D59BCB5}.AppStore|iPhoneSimulator.Deploy.0 = Release|Any CPU
		{DFD9C8C0-0B3B-457E-BB20-D0E28D59BCB5}.AppStore|x64.ActiveCfg = Release|Any CPU
		{DFD9C8C0-0B3B-457E-BB20-D0E28D59BCB5}.AppStore|x64.Build.0 = Release|Any CPU
		{DFD9C8C0-0B3B-457E-BB20-D0E28D59BCB5}.AppStore|x64.Deploy.0 = Release|Any CPU
		{DFD9C8C0-0B3B-457E-BB20-D0E28D59BCB5}.AppStore|x86.ActiveCfg = Release|Any CPU
		{DFD9C8C0-0B3B-457E-BB20-D0E28D59BCB5}.AppStore|x86.Build.0 = Release|Any CPU
		{DFD9C8C0-0B3B-457E-BB20-D0E28D59BCB5}.AppStore|x86.Deploy.0 = Release|Any CPU
		{DFD9C8C0-0B3B-457E-BB20-D0E28D59BCB5}.Debug|Any CPU.ActiveCfg = Debug|Any CPU
		{DFD9C8C0-0B3B-457E-BB20-D0E28D59BCB5}.Debug|Any CPU.Build.0 = Debug|Any CPU
		{DFD9C8C0-0B3B-457E-BB20-D0E28D59BCB5}.Debug|Any CPU.Deploy.0 = Debug|Any CPU
		{DFD9C8C0-0B3B-457E-BB20-D0E28D59BCB5}.Debug|ARM.ActiveCfg = Debug|Any CPU
		{DFD9C8C0-0B3B-457E-BB20-D0E28D59BCB5}.Debug|ARM.Build.0 = Debug|Any CPU
		{DFD9C8C0-0B3B-457E-BB20-D0E28D59BCB5}.Debug|ARM.Deploy.0 = Debug|Any CPU
		{DFD9C8C0-0B3B-457E-BB20-D0E28D59BCB5}.Debug|iPhone.ActiveCfg = Debug|Any CPU
		{DFD9C8C0-0B3B-457E-BB20-D0E28D59BCB5}.Debug|iPhone.Build.0 = Debug|Any CPU
		{DFD9C8C0-0B3B-457E-BB20-D0E28D59BCB5}.Debug|iPhone.Deploy.0 = Debug|Any CPU
		{DFD9C8C0-0B3B-457E-BB20-D0E28D59BCB5}.Debug|iPhoneSimulator.ActiveCfg = Debug|Any CPU
		{DFD9C8C0-0B3B-457E-BB20-D0E28D59BCB5}.Debug|iPhoneSimulator.Build.0 = Debug|Any CPU
		{DFD9C8C0-0B3B-457E-BB20-D0E28D59BCB5}.Debug|iPhoneSimulator.Deploy.0 = Debug|Any CPU
		{DFD9C8C0-0B3B-457E-BB20-D0E28D59BCB5}.Debug|x64.ActiveCfg = Debug|Any CPU
		{DFD9C8C0-0B3B-457E-BB20-D0E28D59BCB5}.Debug|x64.Build.0 = Debug|Any CPU
		{DFD9C8C0-0B3B-457E-BB20-D0E28D59BCB5}.Debug|x64.Deploy.0 = Debug|Any CPU
		{DFD9C8C0-0B3B-457E-BB20-D0E28D59BCB5}.Debug|x86.ActiveCfg = Debug|Any CPU
		{DFD9C8C0-0B3B-457E-BB20-D0E28D59BCB5}.Debug|x86.Build.0 = Debug|Any CPU
		{DFD9C8C0-0B3B-457E-BB20-D0E28D59BCB5}.Debug|x86.Deploy.0 = Debug|Any CPU
		{DFD9C8C0-0B3B-457E-BB20-D0E28D59BCB5}.Release|Any CPU.ActiveCfg = Release|Any CPU
		{DFD9C8C0-0B3B-457E-BB20-D0E28D59BCB5}.Release|Any CPU.Build.0 = Release|Any CPU
		{DFD9C8C0-0B3B-457E-BB20-D0E28D59BCB5}.Release|Any CPU.Deploy.0 = Release|Any CPU
		{DFD9C8C0-0B3B-457E-BB20-D0E28D59BCB5}.Release|ARM.ActiveCfg = Release|Any CPU
		{DFD9C8C0-0B3B-457E-BB20-D0E28D59BCB5}.Release|ARM.Build.0 = Release|Any CPU
		{DFD9C8C0-0B3B-457E-BB20-D0E28D59BCB5}.Release|ARM.Deploy.0 = Release|Any CPU
		{DFD9C8C0-0B3B-457E-BB20-D0E28D59BCB5}.Release|iPhone.ActiveCfg = Release|Any CPU
		{DFD9C8C0-0B3B-457E-BB20-D0E28D59BCB5}.Release|iPhone.Build.0 = Release|Any CPU
		{DFD9C8C0-0B3B-457E-BB20-D0E28D59BCB5}.Release|iPhone.Deploy.0 = Release|Any CPU
		{DFD9C8C0-0B3B-457E-BB20-D0E28D59BCB5}.Release|iPhoneSimulator.ActiveCfg = Release|Any CPU
		{DFD9C8C0-0B3B-457E-BB20-D0E28D59BCB5}.Release|iPhoneSimulator.Build.0 = Release|Any CPU
		{DFD9C8C0-0B3B-457E-BB20-D0E28D59BCB5}.Release|iPhoneSimulator.Deploy.0 = Release|Any CPU
		{DFD9C8C0-0B3B-457E-BB20-D0E28D59BCB5}.Release|x64.ActiveCfg = Release|Any CPU
		{DFD9C8C0-0B3B-457E-BB20-D0E28D59BCB5}.Release|x64.Build.0 = Release|Any CPU
		{DFD9C8C0-0B3B-457E-BB20-D0E28D59BCB5}.Release|x64.Deploy.0 = Release|Any CPU
		{DFD9C8C0-0B3B-457E-BB20-D0E28D59BCB5}.Release|x86.ActiveCfg = Release|Any CPU
		{DFD9C8C0-0B3B-457E-BB20-D0E28D59BCB5}.Release|x86.Build.0 = Release|Any CPU
		{DFD9C8C0-0B3B-457E-BB20-D0E28D59BCB5}.Release|x86.Deploy.0 = Release|Any CPU
		{A7D00E9C-40EF-4735-BEE6-A46821961B3D}.Ad-Hoc|Any CPU.ActiveCfg = Release|Any CPU
		{A7D00E9C-40EF-4735-BEE6-A46821961B3D}.Ad-Hoc|Any CPU.Build.0 = Release|Any CPU
		{A7D00E9C-40EF-4735-BEE6-A46821961B3D}.Ad-Hoc|ARM.ActiveCfg = Release|Any CPU
		{A7D00E9C-40EF-4735-BEE6-A46821961B3D}.Ad-Hoc|ARM.Build.0 = Release|Any CPU
		{A7D00E9C-40EF-4735-BEE6-A46821961B3D}.Ad-Hoc|iPhone.ActiveCfg = Release|Any CPU
		{A7D00E9C-40EF-4735-BEE6-A46821961B3D}.Ad-Hoc|iPhone.Build.0 = Release|Any CPU
		{A7D00E9C-40EF-4735-BEE6-A46821961B3D}.Ad-Hoc|iPhoneSimulator.ActiveCfg = Release|Any CPU
		{A7D00E9C-40EF-4735-BEE6-A46821961B3D}.Ad-Hoc|iPhoneSimulator.Build.0 = Release|Any CPU
		{A7D00E9C-40EF-4735-BEE6-A46821961B3D}.Ad-Hoc|x64.ActiveCfg = Release|Any CPU
		{A7D00E9C-40EF-4735-BEE6-A46821961B3D}.Ad-Hoc|x64.Build.0 = Release|Any CPU
		{A7D00E9C-40EF-4735-BEE6-A46821961B3D}.Ad-Hoc|x86.ActiveCfg = Release|Any CPU
		{A7D00E9C-40EF-4735-BEE6-A46821961B3D}.Ad-Hoc|x86.Build.0 = Release|Any CPU
		{A7D00E9C-40EF-4735-BEE6-A46821961B3D}.AppStore|Any CPU.ActiveCfg = Release|Any CPU
		{A7D00E9C-40EF-4735-BEE6-A46821961B3D}.AppStore|Any CPU.Build.0 = Release|Any CPU
		{A7D00E9C-40EF-4735-BEE6-A46821961B3D}.AppStore|ARM.ActiveCfg = Release|Any CPU
		{A7D00E9C-40EF-4735-BEE6-A46821961B3D}.AppStore|ARM.Build.0 = Release|Any CPU
		{A7D00E9C-40EF-4735-BEE6-A46821961B3D}.AppStore|iPhone.ActiveCfg = Release|Any CPU
		{A7D00E9C-40EF-4735-BEE6-A46821961B3D}.AppStore|iPhone.Build.0 = Release|Any CPU
		{A7D00E9C-40EF-4735-BEE6-A46821961B3D}.AppStore|iPhoneSimulator.ActiveCfg = Release|Any CPU
		{A7D00E9C-40EF-4735-BEE6-A46821961B3D}.AppStore|iPhoneSimulator.Build.0 = Release|Any CPU
		{A7D00E9C-40EF-4735-BEE6-A46821961B3D}.AppStore|x64.ActiveCfg = Release|Any CPU
		{A7D00E9C-40EF-4735-BEE6-A46821961B3D}.AppStore|x64.Build.0 = Release|Any CPU
		{A7D00E9C-40EF-4735-BEE6-A46821961B3D}.AppStore|x86.ActiveCfg = Release|Any CPU
		{A7D00E9C-40EF-4735-BEE6-A46821961B3D}.AppStore|x86.Build.0 = Release|Any CPU
		{A7D00E9C-40EF-4735-BEE6-A46821961B3D}.Debug|Any CPU.ActiveCfg = Debug|Any CPU
		{A7D00E9C-40EF-4735-BEE6-A46821961B3D}.Debug|Any CPU.Build.0 = Debug|Any CPU
		{A7D00E9C-40EF-4735-BEE6-A46821961B3D}.Debug|ARM.ActiveCfg = Debug|Any CPU
		{A7D00E9C-40EF-4735-BEE6-A46821961B3D}.Debug|ARM.Build.0 = Debug|Any CPU
		{A7D00E9C-40EF-4735-BEE6-A46821961B3D}.Debug|iPhone.ActiveCfg = Debug|Any CPU
		{A7D00E9C-40EF-4735-BEE6-A46821961B3D}.Debug|iPhone.Build.0 = Debug|Any CPU
		{A7D00E9C-40EF-4735-BEE6-A46821961B3D}.Debug|iPhoneSimulator.ActiveCfg = Debug|Any CPU
		{A7D00E9C-40EF-4735-BEE6-A46821961B3D}.Debug|iPhoneSimulator.Build.0 = Debug|Any CPU
		{A7D00E9C-40EF-4735-BEE6-A46821961B3D}.Debug|x64.ActiveCfg = Debug|Any CPU
		{A7D00E9C-40EF-4735-BEE6-A46821961B3D}.Debug|x64.Build.0 = Debug|Any CPU
		{A7D00E9C-40EF-4735-BEE6-A46821961B3D}.Debug|x86.ActiveCfg = Debug|Any CPU
		{A7D00E9C-40EF-4735-BEE6-A46821961B3D}.Debug|x86.Build.0 = Debug|Any CPU
		{A7D00E9C-40EF-4735-BEE6-A46821961B3D}.Release|Any CPU.ActiveCfg = Release|Any CPU
		{A7D00E9C-40EF-4735-BEE6-A46821961B3D}.Release|Any CPU.Build.0 = Release|Any CPU
		{A7D00E9C-40EF-4735-BEE6-A46821961B3D}.Release|ARM.ActiveCfg = Release|Any CPU
		{A7D00E9C-40EF-4735-BEE6-A46821961B3D}.Release|ARM.Build.0 = Release|Any CPU
		{A7D00E9C-40EF-4735-BEE6-A46821961B3D}.Release|iPhone.ActiveCfg = Release|Any CPU
		{A7D00E9C-40EF-4735-BEE6-A46821961B3D}.Release|iPhone.Build.0 = Release|Any CPU
		{A7D00E9C-40EF-4735-BEE6-A46821961B3D}.Release|iPhoneSimulator.ActiveCfg = Release|Any CPU
		{A7D00E9C-40EF-4735-BEE6-A46821961B3D}.Release|iPhoneSimulator.Build.0 = Release|Any CPU
		{A7D00E9C-40EF-4735-BEE6-A46821961B3D}.Release|x64.ActiveCfg = Release|Any CPU
		{A7D00E9C-40EF-4735-BEE6-A46821961B3D}.Release|x64.Build.0 = Release|Any CPU
		{A7D00E9C-40EF-4735-BEE6-A46821961B3D}.Release|x86.ActiveCfg = Release|Any CPU
		{A7D00E9C-40EF-4735-BEE6-A46821961B3D}.Release|x86.Build.0 = Release|Any CPU
		{60C0A3A5-052D-4AA4-8F4C-853D8CA397D6}.Ad-Hoc|Any CPU.ActiveCfg = Release|x86
		{60C0A3A5-052D-4AA4-8F4C-853D8CA397D6}.Ad-Hoc|Any CPU.Build.0 = Release|x86
		{60C0A3A5-052D-4AA4-8F4C-853D8CA397D6}.Ad-Hoc|Any CPU.Deploy.0 = Release|x86
		{60C0A3A5-052D-4AA4-8F4C-853D8CA397D6}.Ad-Hoc|ARM.ActiveCfg = Release|ARM
		{60C0A3A5-052D-4AA4-8F4C-853D8CA397D6}.Ad-Hoc|ARM.Build.0 = Release|ARM
		{60C0A3A5-052D-4AA4-8F4C-853D8CA397D6}.Ad-Hoc|ARM.Deploy.0 = Release|ARM
		{60C0A3A5-052D-4AA4-8F4C-853D8CA397D6}.Ad-Hoc|iPhone.ActiveCfg = Release|x86
		{60C0A3A5-052D-4AA4-8F4C-853D8CA397D6}.Ad-Hoc|iPhone.Build.0 = Release|x86
		{60C0A3A5-052D-4AA4-8F4C-853D8CA397D6}.Ad-Hoc|iPhone.Deploy.0 = Release|x86
		{60C0A3A5-052D-4AA4-8F4C-853D8CA397D6}.Ad-Hoc|iPhoneSimulator.ActiveCfg = Release|x86
		{60C0A3A5-052D-4AA4-8F4C-853D8CA397D6}.Ad-Hoc|iPhoneSimulator.Build.0 = Release|x86
		{60C0A3A5-052D-4AA4-8F4C-853D8CA397D6}.Ad-Hoc|iPhoneSimulator.Deploy.0 = Release|x86
		{60C0A3A5-052D-4AA4-8F4C-853D8CA397D6}.Ad-Hoc|x64.ActiveCfg = Release|x64
		{60C0A3A5-052D-4AA4-8F4C-853D8CA397D6}.Ad-Hoc|x64.Build.0 = Release|x64
		{60C0A3A5-052D-4AA4-8F4C-853D8CA397D6}.Ad-Hoc|x64.Deploy.0 = Release|x64
		{60C0A3A5-052D-4AA4-8F4C-853D8CA397D6}.Ad-Hoc|x86.ActiveCfg = Release|x86
		{60C0A3A5-052D-4AA4-8F4C-853D8CA397D6}.Ad-Hoc|x86.Build.0 = Release|x86
		{60C0A3A5-052D-4AA4-8F4C-853D8CA397D6}.Ad-Hoc|x86.Deploy.0 = Release|x86
		{60C0A3A5-052D-4AA4-8F4C-853D8CA397D6}.AppStore|Any CPU.ActiveCfg = Release|x86
		{60C0A3A5-052D-4AA4-8F4C-853D8CA397D6}.AppStore|Any CPU.Build.0 = Release|x86
		{60C0A3A5-052D-4AA4-8F4C-853D8CA397D6}.AppStore|Any CPU.Deploy.0 = Release|x86
		{60C0A3A5-052D-4AA4-8F4C-853D8CA397D6}.AppStore|ARM.ActiveCfg = Release|ARM
		{60C0A3A5-052D-4AA4-8F4C-853D8CA397D6}.AppStore|ARM.Build.0 = Release|ARM
		{60C0A3A5-052D-4AA4-8F4C-853D8CA397D6}.AppStore|ARM.Deploy.0 = Release|ARM
		{60C0A3A5-052D-4AA4-8F4C-853D8CA397D6}.AppStore|iPhone.ActiveCfg = Release|x86
		{60C0A3A5-052D-4AA4-8F4C-853D8CA397D6}.AppStore|iPhone.Build.0 = Release|x86
		{60C0A3A5-052D-4AA4-8F4C-853D8CA397D6}.AppStore|iPhone.Deploy.0 = Release|x86
		{60C0A3A5-052D-4AA4-8F4C-853D8CA397D6}.AppStore|iPhoneSimulator.ActiveCfg = Release|x86
		{60C0A3A5-052D-4AA4-8F4C-853D8CA397D6}.AppStore|iPhoneSimulator.Build.0 = Release|x86
		{60C0A3A5-052D-4AA4-8F4C-853D8CA397D6}.AppStore|iPhoneSimulator.Deploy.0 = Release|x86
		{60C0A3A5-052D-4AA4-8F4C-853D8CA397D6}.AppStore|x64.ActiveCfg = Release|x64
		{60C0A3A5-052D-4AA4-8F4C-853D8CA397D6}.AppStore|x64.Build.0 = Release|x64
		{60C0A3A5-052D-4AA4-8F4C-853D8CA397D6}.AppStore|x64.Deploy.0 = Release|x64
		{60C0A3A5-052D-4AA4-8F4C-853D8CA397D6}.AppStore|x86.ActiveCfg = Release|x86
		{60C0A3A5-052D-4AA4-8F4C-853D8CA397D6}.AppStore|x86.Build.0 = Release|x86
		{60C0A3A5-052D-4AA4-8F4C-853D8CA397D6}.AppStore|x86.Deploy.0 = Release|x86
		{60C0A3A5-052D-4AA4-8F4C-853D8CA397D6}.Debug|Any CPU.ActiveCfg = Debug|x86
		{60C0A3A5-052D-4AA4-8F4C-853D8CA397D6}.Debug|ARM.ActiveCfg = Debug|ARM
		{60C0A3A5-052D-4AA4-8F4C-853D8CA397D6}.Debug|ARM.Build.0 = Debug|ARM
		{60C0A3A5-052D-4AA4-8F4C-853D8CA397D6}.Debug|ARM.Deploy.0 = Debug|ARM
		{60C0A3A5-052D-4AA4-8F4C-853D8CA397D6}.Debug|iPhone.ActiveCfg = Debug|x86
		{60C0A3A5-052D-4AA4-8F4C-853D8CA397D6}.Debug|iPhoneSimulator.ActiveCfg = Debug|x86
		{60C0A3A5-052D-4AA4-8F4C-853D8CA397D6}.Debug|x64.ActiveCfg = Debug|x64
		{60C0A3A5-052D-4AA4-8F4C-853D8CA397D6}.Debug|x64.Build.0 = Debug|x64
		{60C0A3A5-052D-4AA4-8F4C-853D8CA397D6}.Debug|x64.Deploy.0 = Debug|x64
		{60C0A3A5-052D-4AA4-8F4C-853D8CA397D6}.Debug|x86.ActiveCfg = Debug|x86
		{60C0A3A5-052D-4AA4-8F4C-853D8CA397D6}.Debug|x86.Build.0 = Debug|x86
		{60C0A3A5-052D-4AA4-8F4C-853D8CA397D6}.Debug|x86.Deploy.0 = Debug|x86
		{60C0A3A5-052D-4AA4-8F4C-853D8CA397D6}.Release|Any CPU.ActiveCfg = Release|x86
		{60C0A3A5-052D-4AA4-8F4C-853D8CA397D6}.Release|ARM.ActiveCfg = Release|ARM
		{60C0A3A5-052D-4AA4-8F4C-853D8CA397D6}.Release|ARM.Build.0 = Release|ARM
		{60C0A3A5-052D-4AA4-8F4C-853D8CA397D6}.Release|ARM.Deploy.0 = Release|ARM
		{60C0A3A5-052D-4AA4-8F4C-853D8CA397D6}.Release|iPhone.ActiveCfg = Release|x86
		{60C0A3A5-052D-4AA4-8F4C-853D8CA397D6}.Release|iPhoneSimulator.ActiveCfg = Release|x86
		{60C0A3A5-052D-4AA4-8F4C-853D8CA397D6}.Release|x64.ActiveCfg = Release|x64
		{60C0A3A5-052D-4AA4-8F4C-853D8CA397D6}.Release|x64.Build.0 = Release|x64
		{60C0A3A5-052D-4AA4-8F4C-853D8CA397D6}.Release|x64.Deploy.0 = Release|x64
		{60C0A3A5-052D-4AA4-8F4C-853D8CA397D6}.Release|x86.ActiveCfg = Release|x86
		{60C0A3A5-052D-4AA4-8F4C-853D8CA397D6}.Release|x86.Build.0 = Release|x86
		{60C0A3A5-052D-4AA4-8F4C-853D8CA397D6}.Release|x86.Deploy.0 = Release|x86
		{19820D3E-B379-4815-B317-5CD3BFEE0D22}.Ad-Hoc|Any CPU.ActiveCfg = Ad-Hoc|iPhoneSimulator
		{19820D3E-B379-4815-B317-5CD3BFEE0D22}.Ad-Hoc|ARM.ActiveCfg = Ad-Hoc|iPhone
		{19820D3E-B379-4815-B317-5CD3BFEE0D22}.Ad-Hoc|iPhone.ActiveCfg = Ad-Hoc|iPhone
		{19820D3E-B379-4815-B317-5CD3BFEE0D22}.Ad-Hoc|iPhone.Build.0 = Ad-Hoc|iPhone
		{19820D3E-B379-4815-B317-5CD3BFEE0D22}.Ad-Hoc|iPhoneSimulator.ActiveCfg = Ad-Hoc|iPhoneSimulator
		{19820D3E-B379-4815-B317-5CD3BFEE0D22}.Ad-Hoc|iPhoneSimulator.Build.0 = Ad-Hoc|iPhoneSimulator
		{19820D3E-B379-4815-B317-5CD3BFEE0D22}.Ad-Hoc|x64.ActiveCfg = Ad-Hoc|iPhone
		{19820D3E-B379-4815-B317-5CD3BFEE0D22}.Ad-Hoc|x86.ActiveCfg = Ad-Hoc|iPhone
		{19820D3E-B379-4815-B317-5CD3BFEE0D22}.AppStore|Any CPU.ActiveCfg = AppStore|iPhoneSimulator
		{19820D3E-B379-4815-B317-5CD3BFEE0D22}.AppStore|ARM.ActiveCfg = AppStore|iPhone
		{19820D3E-B379-4815-B317-5CD3BFEE0D22}.AppStore|iPhone.ActiveCfg = AppStore|iPhone
		{19820D3E-B379-4815-B317-5CD3BFEE0D22}.AppStore|iPhone.Build.0 = AppStore|iPhone
		{19820D3E-B379-4815-B317-5CD3BFEE0D22}.AppStore|iPhoneSimulator.ActiveCfg = AppStore|iPhoneSimulator
		{19820D3E-B379-4815-B317-5CD3BFEE0D22}.AppStore|iPhoneSimulator.Build.0 = AppStore|iPhoneSimulator
		{19820D3E-B379-4815-B317-5CD3BFEE0D22}.AppStore|x64.ActiveCfg = AppStore|iPhone
		{19820D3E-B379-4815-B317-5CD3BFEE0D22}.AppStore|x86.ActiveCfg = AppStore|iPhone
		{19820D3E-B379-4815-B317-5CD3BFEE0D22}.Debug|Any CPU.ActiveCfg = Debug|iPhoneSimulator
		{19820D3E-B379-4815-B317-5CD3BFEE0D22}.Debug|ARM.ActiveCfg = Debug|iPhone
		{19820D3E-B379-4815-B317-5CD3BFEE0D22}.Debug|iPhone.ActiveCfg = Debug|iPhone
		{19820D3E-B379-4815-B317-5CD3BFEE0D22}.Debug|iPhone.Build.0 = Debug|iPhone
		{19820D3E-B379-4815-B317-5CD3BFEE0D22}.Debug|iPhoneSimulator.ActiveCfg = Debug|iPhoneSimulator
		{19820D3E-B379-4815-B317-5CD3BFEE0D22}.Debug|iPhoneSimulator.Build.0 = Debug|iPhoneSimulator
		{19820D3E-B379-4815-B317-5CD3BFEE0D22}.Debug|x64.ActiveCfg = Debug|iPhone
		{19820D3E-B379-4815-B317-5CD3BFEE0D22}.Debug|x86.ActiveCfg = Debug|iPhone
		{19820D3E-B379-4815-B317-5CD3BFEE0D22}.Release|Any CPU.ActiveCfg = Release|iPhoneSimulator
		{19820D3E-B379-4815-B317-5CD3BFEE0D22}.Release|ARM.ActiveCfg = Release|iPhone
		{19820D3E-B379-4815-B317-5CD3BFEE0D22}.Release|iPhone.ActiveCfg = Release|iPhone
		{19820D3E-B379-4815-B317-5CD3BFEE0D22}.Release|iPhone.Build.0 = Release|iPhone
		{19820D3E-B379-4815-B317-5CD3BFEE0D22}.Release|iPhoneSimulator.ActiveCfg = Release|iPhoneSimulator
		{19820D3E-B379-4815-B317-5CD3BFEE0D22}.Release|iPhoneSimulator.Build.0 = Release|iPhoneSimulator
		{19820D3E-B379-4815-B317-5CD3BFEE0D22}.Release|x64.ActiveCfg = Release|iPhone
		{19820D3E-B379-4815-B317-5CD3BFEE0D22}.Release|x86.ActiveCfg = Release|iPhone
	EndGlobalSection
	GlobalSection(SolutionProperties) = preSolution
		HideSolutionNode = FALSE
	EndGlobalSection
	GlobalSection(ExtensibilityGlobals) = postSolution
		SolutionGuid = {33B375B0-FCB1-4ACE-81EF-FBB956D5CC84}
	EndGlobalSection
EndGlobal
